Microsoft Visual Studio Solution File, Format Version 11.00
# Visual Studio 2008

Project("{EC235451-317C-D438-CF23-79F9160A8299}") = "Zombie Game", "Assembly-CSharp.csproj", "{769DEAFF-6B17-8D77-A130-FE47AC35ED14}"
EndProject
Global
	GlobalSection(SolutionConfigurationPlatforms) = preSolution
		Debug|Any CPU = Debug|Any CPU
		Release|Any CPU = Release|Any CPU
	EndGlobalSection
	GlobalSection(ProjectConfigurationPlatforms) = postSolution
		{769DEAFF-6B17-8D77-A130-FE47AC35ED14}.Debug|Any CPU.ActiveCfg = Debug|Any CPU
		{769DEAFF-6B17-8D77-A130-FE47AC35ED14}.Debug|Any CPU.Build.0 = Debug|Any CPU
		{769DEAFF-6B17-8D77-A130-FE47AC35ED14}.Release|Any CPU.ActiveCfg = Release|Any CPU
		{769DEAFF-6B17-8D77-A130-FE47AC35ED14}.Release|Any CPU.Build.0 = Release|Any CPU
	EndGlobalSection
	GlobalSection(SolutionProperties) = preSolution
		HideSolutionNode = FALSE
	EndGlobalSection
	GlobalSection(MonoDevelopProperties) = preSolution
		StartupItem = Assembly-CSharp.csproj
	EndGlobalSection
EndGlobal
